// !$*UTF8*$!
{
	archiveVersion = 1;
	classes = {
	};
	objectVersion = 56;
	objects = {

/* Begin PBXBuildFile section */
		1A0411BC2DA48D11007F951F /* Court.swift in Sources */ = {isa = PBXBuildFile; fileRef = 1A0411BB2DA48D11007F951F /* Court.swift */; };
		1A0411BD2DA48D11007F951F /* Court.swift in Sources */ = {isa = PBXBuildFile; fileRef = 1A0411BB2DA48D11007F951F /* Court.swift */; };
		1A0411BE2DA48D11007F951F /* Court.swift in Sources */ = {isa = PBXBuildFile; fileRef = 1A0411BB2DA48D11007F951F /* Court.swift */; };
		1A0411C02DA4A00D007F951F /* CourtsManager.swift in Sources */ = {isa = PBXBuildFile; fileRef = 1A0411BF2DA4A00D007F951F /* CourtsManager.swift */; };
		1A5373232C3D9D710044FC06 /* FirebaseAnalytics in Frameworks */ = {isa = PBXBuildFile; productRef = 1A5373222C3D9D710044FC06 /* FirebaseAnalytics */; };
		1A5373252C3D9D710044FC06 /* FirebaseAuth in Frameworks */ = {isa = PBXBuildFile; productRef = 1A5373242C3D9D710044FC06 /* FirebaseAuth */; };
		1A5373272C3D9D710044FC06 /* FirebaseFirestore in Frameworks */ = {isa = PBXBuildFile; productRef = 1A5373262C3D9D710044FC06 /* FirebaseFirestore */; };
		1A5373292C3D9FBD0044FC06 /* LoginView.swift in Sources */ = {isa = PBXBuildFile; fileRef = 1A5373282C3D9FBD0044FC06 /* LoginView.swift */; };
		1A53732A2C3D9FBD0044FC06 /* LoginView.swift in Sources */ = {isa = PBXBuildFile; fileRef = 1A5373282C3D9FBD0044FC06 /* LoginView.swift */; };
		1A53732B2C3D9FBD0044FC06 /* LoginView.swift in Sources */ = {isa = PBXBuildFile; fileRef = 1A5373282C3D9FBD0044FC06 /* LoginView.swift */; };
		1A53732E2C3DA27B0044FC06 /* GoogleSignIn in Frameworks */ = {isa = PBXBuildFile; productRef = 1A53732D2C3DA27B0044FC06 /* GoogleSignIn */; };
		1A5373302C3DA27B0044FC06 /* GoogleSignInSwift in Frameworks */ = {isa = PBXBuildFile; productRef = 1A53732F2C3DA27B0044FC06 /* GoogleSignInSwift */; };
		1A5373322C3DA2F00044FC06 /* GoogleService-Info.plist in Resources */ = {isa = PBXBuildFile; fileRef = 1A5373312C3DA2F00044FC06 /* GoogleService-Info.plist */; };
		1A5373332C3DA2F00044FC06 /* GoogleService-Info.plist in Resources */ = {isa = PBXBuildFile; fileRef = 1A5373312C3DA2F00044FC06 /* GoogleService-Info.plist */; };
		1A5373342C3DA2F00044FC06 /* GoogleService-Info.plist in Resources */ = {isa = PBXBuildFile; fileRef = 1A5373312C3DA2F00044FC06 /* GoogleService-Info.plist */; };
		1A8330002C48D3ED0035CD5B /* LoginViewModel.swift in Sources */ = {isa = PBXBuildFile; fileRef = 1A832FFF2C48D3ED0035CD5B /* LoginViewModel.swift */; };
		1A8330022C48D4270035CD5B /* Utilities.swift in Sources */ = {isa = PBXBuildFile; fileRef = 1A8330012C48D4270035CD5B /* Utilities.swift */; };
		1A8330082C48F9900035CD5B /* HomePageView.swift in Sources */ = {isa = PBXBuildFile; fileRef = 1A8330072C48F9900035CD5B /* HomePageView.swift */; };
		1A83300B2C48FA4D0035CD5B /* ProfileView.swift in Sources */ = {isa = PBXBuildFile; fileRef = 1A83300A2C48FA4D0035CD5B /* ProfileView.swift */; };
		1A83300D2C48FA750035CD5B /* LocateCourtsView.swift in Sources */ = {isa = PBXBuildFile; fileRef = 1A83300C2C48FA750035CD5B /* LocateCourtsView.swift */; };
		1A83300F2C48FA870035CD5B /* GroupsView.swift in Sources */ = {isa = PBXBuildFile; fileRef = 1A83300E2C48FA870035CD5B /* GroupsView.swift */; };
		1A8330112C48FACA0035CD5B /* FavoriteCourtsView.swift in Sources */ = {isa = PBXBuildFile; fileRef = 1A8330102C48FACA0035CD5B /* FavoriteCourtsView.swift */; };
		1A8330132C4902020035CD5B /* ProfileViewModel.swift in Sources */ = {isa = PBXBuildFile; fileRef = 1A8330122C4902020035CD5B /* ProfileViewModel.swift */; };
		1A8330172C4902A40035CD5B /* ImagePicker.swift in Sources */ = {isa = PBXBuildFile; fileRef = 1A8330162C4902A40035CD5B /* ImagePicker.swift */; };
		1A8330192C4903830035CD5B /* FirebaseStorage in Frameworks */ = {isa = PBXBuildFile; productRef = 1A8330182C4903830035CD5B /* FirebaseStorage */; };
		1A83301B2C490EEE0035CD5B /* SessionStore.swift in Sources */ = {isa = PBXBuildFile; fileRef = 1A83301A2C490EEE0035CD5B /* SessionStore.swift */; };
		1A83301D2C4918070035CD5B /* ImageCache.swift in Sources */ = {isa = PBXBuildFile; fileRef = 1A83301C2C4918070035CD5B /* ImageCache.swift */; };
		1A83301F2C491AA80035CD5B /* ProfileSettingsView.swift in Sources */ = {isa = PBXBuildFile; fileRef = 1A83301E2C491AA80035CD5B /* ProfileSettingsView.swift */; };
		1A8330212C491E480035CD5B /* ProfileHelpers.swift in Sources */ = {isa = PBXBuildFile; fileRef = 1A8330202C491E480035CD5B /* ProfileHelpers.swift */; };
		1A8330242C4BAF5B0035CD5B /* EditNameView.swift in Sources */ = {isa = PBXBuildFile; fileRef = 1A8330232C4BAF5B0035CD5B /* EditNameView.swift */; };
		1A8330262C4BB2C20035CD5B /* EditUsernameView.swift in Sources */ = {isa = PBXBuildFile; fileRef = 1A8330252C4BB2C20035CD5B /* EditUsernameView.swift */; };
		1A8330292C5728F60035CD5B /* GoogleMaps in Frameworks */ = {isa = PBXBuildFile; productRef = 1A8330282C5728F60035CD5B /* GoogleMaps */; };
		1A83302C2C572B600035CD5B /* GoogleMapView.swift in Sources */ = {isa = PBXBuildFile; fileRef = 1A83302B2C572B600035CD5B /* GoogleMapView.swift */; };
		1A8330302C572E4F0035CD5B /* LocationManager.swift in Sources */ = {isa = PBXBuildFile; fileRef = 1A83302F2C572E4F0035CD5B /* LocationManager.swift */; };
		1A8330322C5730250035CD5B /* PlacesService.swift in Sources */ = {isa = PBXBuildFile; fileRef = 1A8330312C5730250035CD5B /* PlacesService.swift */; };
		1A84BA282C3D92CC00C1AD45 /* CourtFinderApp.swift in Sources */ = {isa = PBXBuildFile; fileRef = 1A84BA272C3D92CC00C1AD45 /* CourtFinderApp.swift */; };
		1A84BA2C2C3D92CE00C1AD45 /* Assets.xcassets in Resources */ = {isa = PBXBuildFile; fileRef = 1A84BA2B2C3D92CE00C1AD45 /* Assets.xcassets */; };
		1A84BA2F2C3D92CE00C1AD45 /* Preview Assets.xcassets in Resources */ = {isa = PBXBuildFile; fileRef = 1A84BA2E2C3D92CE00C1AD45 /* Preview Assets.xcassets */; };
		1A84BA392C3D92CE00C1AD45 /* CourtFinderTests.swift in Sources */ = {isa = PBXBuildFile; fileRef = 1A84BA382C3D92CE00C1AD45 /* CourtFinderTests.swift */; };
		1A84BA432C3D92CE00C1AD45 /* CourtFinderUITests.swift in Sources */ = {isa = PBXBuildFile; fileRef = 1A84BA422C3D92CE00C1AD45 /* CourtFinderUITests.swift */; };
		1A84BA452C3D92CE00C1AD45 /* CourtFinderUITestsLaunchTests.swift in Sources */ = {isa = PBXBuildFile; fileRef = 1A84BA442C3D92CE00C1AD45 /* CourtFinderUITestsLaunchTests.swift */; };
		1AE63C4E2C77B16700082E5C /* ToggleButton.swift in Sources */ = {isa = PBXBuildFile; fileRef = 1AE63C4D2C77B16700082E5C /* ToggleButton.swift */; };
		1AE63C502C77B2D300082E5C /* ListView.swift in Sources */ = {isa = PBXBuildFile; fileRef = 1AE63C4F2C77B2D300082E5C /* ListView.swift */; };
/* End PBXBuildFile section */

/* Begin PBXContainerItemProxy section */
		1A84BA352C3D92CE00C1AD45 /* PBXContainerItemProxy */ = {
			isa = PBXContainerItemProxy;
			containerPortal = 1A84BA1C2C3D92CC00C1AD45 /* Project object */;
			proxyType = 1;
			remoteGlobalIDString = 1A84BA232C3D92CC00C1AD45;
			remoteInfo = CourtFinder;
		};
		1A84BA3F2C3D92CE00C1AD45 /* PBXContainerItemProxy */ = {
			isa = PBXContainerItemProxy;
			containerPortal = 1A84BA1C2C3D92CC00C1AD45 /* Project object */;
			proxyType = 1;
			remoteGlobalIDString = 1A84BA232C3D92CC00C1AD45;
			remoteInfo = CourtFinder;
		};
/* End PBXContainerItemProxy section */

/* Begin PBXFileReference section */
		1A0411BB2DA48D11007F951F /* Court.swift */ = {isa = PBXFileReference; lastKnownFileType = sourcecode.swift; path = Court.swift; sourceTree = "<group>"; };
		1A0411BF2DA4A00D007F951F /* CourtsManager.swift */ = {isa = PBXFileReference; lastKnownFileType = sourcecode.swift; path = CourtsManager.swift; sourceTree = "<group>"; };
		1A5373282C3D9FBD0044FC06 /* LoginView.swift */ = {isa = PBXFileReference; lastKnownFileType = sourcecode.swift; path = LoginView.swift; sourceTree = "<group>"; };
		1A5373312C3DA2F00044FC06 /* GoogleService-Info.plist */ = {isa = PBXFileReference; fileEncoding = 4; lastKnownFileType = text.plist.xml; path = "GoogleService-Info.plist"; sourceTree = "<group>"; };
		1A832FFD2C46E8CE0035CD5B /* CourtFinder.entitlements */ = {isa = PBXFileReference; lastKnownFileType = text.plist.entitlements; path = CourtFinder.entitlements; sourceTree = "<group>"; };
		1A832FFE2C46F17E0035CD5B /* Info.plist */ = {isa = PBXFileReference; lastKnownFileType = text.plist; path = Info.plist; sourceTree = "<group>"; };
		1A832FFF2C48D3ED0035CD5B /* LoginViewModel.swift */ = {isa = PBXFileReference; lastKnownFileType = sourcecode.swift; path = LoginViewModel.swift; sourceTree = "<group>"; };
		1A8330012C48D4270035CD5B /* Utilities.swift */ = {isa = PBXFileReference; lastKnownFileType = sourcecode.swift; path = Utilities.swift; sourceTree = "<group>"; };
		1A8330072C48F9900035CD5B /* HomePageView.swift */ = {isa = PBXFileReference; lastKnownFileType = sourcecode.swift; path = HomePageView.swift; sourceTree = "<group>"; };
		1A83300A2C48FA4D0035CD5B /* ProfileView.swift */ = {isa = PBXFileReference; lastKnownFileType = sourcecode.swift; path = ProfileView.swift; sourceTree = "<group>"; };
		1A83300C2C48FA750035CD5B /* LocateCourtsView.swift */ = {isa = PBXFileReference; lastKnownFileType = sourcecode.swift; path = LocateCourtsView.swift; sourceTree = "<group>"; };
		1A83300E2C48FA870035CD5B /* GroupsView.swift */ = {isa = PBXFileReference; lastKnownFileType = sourcecode.swift; path = GroupsView.swift; sourceTree = "<group>"; };
		1A8330102C48FACA0035CD5B /* FavoriteCourtsView.swift */ = {isa = PBXFileReference; lastKnownFileType = sourcecode.swift; path = FavoriteCourtsView.swift; sourceTree = "<group>"; };
		1A8330122C4902020035CD5B /* ProfileViewModel.swift */ = {isa = PBXFileReference; lastKnownFileType = sourcecode.swift; path = ProfileViewModel.swift; sourceTree = "<group>"; };
		1A8330162C4902A40035CD5B /* ImagePicker.swift */ = {isa = PBXFileReference; lastKnownFileType = sourcecode.swift; path = ImagePicker.swift; sourceTree = "<group>"; };
		1A83301A2C490EEE0035CD5B /* SessionStore.swift */ = {isa = PBXFileReference; lastKnownFileType = sourcecode.swift; path = SessionStore.swift; sourceTree = "<group>"; };
		1A83301C2C4918070035CD5B /* ImageCache.swift */ = {isa = PBXFileReference; lastKnownFileType = sourcecode.swift; path = ImageCache.swift; sourceTree = "<group>"; };
		1A83301E2C491AA80035CD5B /* ProfileSettingsView.swift */ = {isa = PBXFileReference; lastKnownFileType = sourcecode.swift; path = ProfileSettingsView.swift; sourceTree = "<group>"; };
		1A8330202C491E480035CD5B /* ProfileHelpers.swift */ = {isa = PBXFileReference; lastKnownFileType = sourcecode.swift; path = ProfileHelpers.swift; sourceTree = "<group>"; };
		1A8330232C4BAF5B0035CD5B /* EditNameView.swift */ = {isa = PBXFileReference; lastKnownFileType = sourcecode.swift; path = EditNameView.swift; sourceTree = "<group>"; };
		1A8330252C4BB2C20035CD5B /* EditUsernameView.swift */ = {isa = PBXFileReference; lastKnownFileType = sourcecode.swift; path = EditUsernameView.swift; sourceTree = "<group>"; };
		1A83302B2C572B600035CD5B /* GoogleMapView.swift */ = {isa = PBXFileReference; lastKnownFileType = sourcecode.swift; path = GoogleMapView.swift; sourceTree = "<group>"; };
		1A83302F2C572E4F0035CD5B /* LocationManager.swift */ = {isa = PBXFileReference; lastKnownFileType = sourcecode.swift; path = LocationManager.swift; sourceTree = "<group>"; };
		1A8330312C5730250035CD5B /* PlacesService.swift */ = {isa = PBXFileReference; lastKnownFileType = sourcecode.swift; path = PlacesService.swift; sourceTree = "<group>"; };
		1A84BA242C3D92CC00C1AD45 /* CourtFinder.app */ = {isa = PBXFileReference; explicitFileType = wrapper.application; includeInIndex = 0; path = CourtFinder.app; sourceTree = BUILT_PRODUCTS_DIR; };
		1A84BA272C3D92CC00C1AD45 /* CourtFinderApp.swift */ = {isa = PBXFileReference; lastKnownFileType = sourcecode.swift; path = CourtFinderApp.swift; sourceTree = "<group>"; };
		1A84BA2B2C3D92CE00C1AD45 /* Assets.xcassets */ = {isa = PBXFileReference; lastKnownFileType = folder.assetcatalog; path = Assets.xcassets; sourceTree = "<group>"; };
		1A84BA2E2C3D92CE00C1AD45 /* Preview Assets.xcassets */ = {isa = PBXFileReference; lastKnownFileType = folder.assetcatalog; path = "Preview Assets.xcassets"; sourceTree = "<group>"; };
		1A84BA342C3D92CE00C1AD45 /* CourtFinderTests.xctest */ = {isa = PBXFileReference; explicitFileType = wrapper.cfbundle; includeInIndex = 0; path = CourtFinderTests.xctest; sourceTree = BUILT_PRODUCTS_DIR; };
		1A84BA382C3D92CE00C1AD45 /* CourtFinderTests.swift */ = {isa = PBXFileReference; lastKnownFileType = sourcecode.swift; path = CourtFinderTests.swift; sourceTree = "<group>"; };
		1A84BA3E2C3D92CE00C1AD45 /* CourtFinderUITests.xctest */ = {isa = PBXFileReference; explicitFileType = wrapper.cfbundle; includeInIndex = 0; path = CourtFinderUITests.xctest; sourceTree = BUILT_PRODUCTS_DIR; };
		1A84BA422C3D92CE00C1AD45 /* CourtFinderUITests.swift */ = {isa = PBXFileReference; lastKnownFileType = sourcecode.swift; path = CourtFinderUITests.swift; sourceTree = "<group>"; };
		1A84BA442C3D92CE00C1AD45 /* CourtFinderUITestsLaunchTests.swift */ = {isa = PBXFileReference; lastKnownFileType = sourcecode.swift; path = CourtFinderUITestsLaunchTests.swift; sourceTree = "<group>"; };
		1AE63C4D2C77B16700082E5C /* ToggleButton.swift */ = {isa = PBXFileReference; lastKnownFileType = sourcecode.swift; path = ToggleButton.swift; sourceTree = "<group>"; };
		1AE63C4F2C77B2D300082E5C /* ListView.swift */ = {isa = PBXFileReference; lastKnownFileType = sourcecode.swift; path = ListView.swift; sourceTree = "<group>"; };
/* End PBXFileReference section */

/* Begin PBXFrameworksBuildPhase section */
		1A84BA212C3D92CC00C1AD45 /* Frameworks */ = {
			isa = PBXFrameworksBuildPhase;
			buildActionMask = 2147483647;
			files = (
				1A5373302C3DA27B0044FC06 /* GoogleSignInSwift in Frameworks */,
				1A5373232C3D9D710044FC06 /* FirebaseAnalytics in Frameworks */,
				1A53732E2C3DA27B0044FC06 /* GoogleSignIn in Frameworks */,
				1A5373252C3D9D710044FC06 /* FirebaseAuth in Frameworks */,
				1A5373272C3D9D710044FC06 /* FirebaseFirestore in Frameworks */,
				1A8330292C5728F60035CD5B /* GoogleMaps in Frameworks */,
				1A8330192C4903830035CD5B /* FirebaseStorage in Frameworks */,
			);
			runOnlyForDeploymentPostprocessing = 0;
		};
		1A84BA312C3D92CE00C1AD45 /* Frameworks */ = {
			isa = PBXFrameworksBuildPhase;
			buildActionMask = 2147483647;
			files = (
			);
			runOnlyForDeploymentPostprocessing = 0;
		};
		1A84BA3B2C3D92CE00C1AD45 /* Frameworks */ = {
			isa = PBXFrameworksBuildPhase;
			buildActionMask = 2147483647;
			files = (
			);
			runOnlyForDeploymentPostprocessing = 0;
		};
/* End PBXFrameworksBuildPhase section */

/* Begin PBXGroup section */
		1A8330032C48D4A70035CD5B /* Login */ = {
			isa = PBXGroup;
			children = (
				1A5373282C3D9FBD0044FC06 /* LoginView.swift */,
			);
			path = Login;
			sourceTree = "<group>";
		};
		1A8330042C48D4D00035CD5B /* Landing Pages */ = {
			isa = PBXGroup;
			children = (
				1A8330072C48F9900035CD5B /* HomePageView.swift */,
			);
			path = "Landing Pages";
			sourceTree = "<group>";
		};
		1A8330092C48F9CF0035CD5B /* Pages */ = {
			isa = PBXGroup;
			children = (
				1A83300E2C48FA870035CD5B /* GroupsView.swift */,
				1A8330102C48FACA0035CD5B /* FavoriteCourtsView.swift */,
			);
			path = Pages;
			sourceTree = "<group>";
		};
		1A8330142C4902810035CD5B /* Models */ = {
			isa = PBXGroup;
			children = (
				1A0411BF2DA4A00D007F951F /* CourtsManager.swift */,
				1A0411BB2DA48D11007F951F /* Court.swift */,
				1A832FFF2C48D3ED0035CD5B /* LoginViewModel.swift */,
			);
			path = Models;
			sourceTree = "<group>";
		};
		1A8330152C4902960035CD5B /* Helpers */ = {
			isa = PBXGroup;
			children = (
				1A8330162C4902A40035CD5B /* ImagePicker.swift */,
				1A83301A2C490EEE0035CD5B /* SessionStore.swift */,
				1A83301C2C4918070035CD5B /* ImageCache.swift */,
				1AE63C4D2C77B16700082E5C /* ToggleButton.swift */,
				1AE63C4F2C77B2D300082E5C /* ListView.swift */,
			);
			path = Helpers;
			sourceTree = "<group>";
		};
		1A8330222C4BAF360035CD5B /* Profile */ = {
			isa = PBXGroup;
			children = (
				1A8330122C4902020035CD5B /* ProfileViewModel.swift */,
				1A83300A2C48FA4D0035CD5B /* ProfileView.swift */,
				1A8330202C491E480035CD5B /* ProfileHelpers.swift */,
				1A83301E2C491AA80035CD5B /* ProfileSettingsView.swift */,
				1A8330232C4BAF5B0035CD5B /* EditNameView.swift */,
				1A8330252C4BB2C20035CD5B /* EditUsernameView.swift */,
			);
			path = Profile;
			sourceTree = "<group>";
		};
		1A83302A2C572B480035CD5B /* LocateCourts */ = {
			isa = PBXGroup;
			children = (
				1A83302B2C572B600035CD5B /* GoogleMapView.swift */,
				1A83300C2C48FA750035CD5B /* LocateCourtsView.swift */,
				1A83302F2C572E4F0035CD5B /* LocationManager.swift */,
				1A8330312C5730250035CD5B /* PlacesService.swift */,
			);
			path = LocateCourts;
			sourceTree = "<group>";
		};
		1A84BA1B2C3D92CC00C1AD45 = {
			isa = PBXGroup;
			children = (
				1A84BA262C3D92CC00C1AD45 /* CourtFinder */,
				1A84BA372C3D92CE00C1AD45 /* CourtFinderTests */,
				1A84BA412C3D92CE00C1AD45 /* CourtFinderUITests */,
				1A84BA252C3D92CC00C1AD45 /* Products */,
			);
			sourceTree = "<group>";
		};
		1A84BA252C3D92CC00C1AD45 /* Products */ = {
			isa = PBXGroup;
			children = (
				1A84BA242C3D92CC00C1AD45 /* CourtFinder.app */,
				1A84BA342C3D92CE00C1AD45 /* CourtFinderTests.xctest */,
				1A84BA3E2C3D92CE00C1AD45 /* CourtFinderUITests.xctest */,
			);
			name = Products;
			sourceTree = "<group>";
		};
		1A84BA262C3D92CC00C1AD45 /* CourtFinder */ = {
			isa = PBXGroup;
			children = (
				1A83302A2C572B480035CD5B /* LocateCourts */,
				1A8330222C4BAF360035CD5B /* Profile */,
				1A8330152C4902960035CD5B /* Helpers */,
				1A8330142C4902810035CD5B /* Models */,
				1A8330092C48F9CF0035CD5B /* Pages */,
				1A8330042C48D4D00035CD5B /* Landing Pages */,
				1A8330032C48D4A70035CD5B /* Login */,
				1A832FFE2C46F17E0035CD5B /* Info.plist */,
				1A832FFD2C46E8CE0035CD5B /* CourtFinder.entitlements */,
				1A5373312C3DA2F00044FC06 /* GoogleService-Info.plist */,
				1A84BA272C3D92CC00C1AD45 /* CourtFinderApp.swift */,
				1A8330012C48D4270035CD5B /* Utilities.swift */,
				1A84BA2B2C3D92CE00C1AD45 /* Assets.xcassets */,
				1A84BA2D2C3D92CE00C1AD45 /* Preview Content */,
			);
			path = CourtFinder;
			sourceTree = "<group>";
		};
		1A84BA2D2C3D92CE00C1AD45 /* Preview Content */ = {
			isa = PBXGroup;
			children = (
				1A84BA2E2C3D92CE00C1AD45 /* Preview Assets.xcassets */,
			);
			path = "Preview Content";
			sourceTree = "<group>";
		};
		1A84BA372C3D92CE00C1AD45 /* CourtFinderTests */ = {
			isa = PBXGroup;
			children = (
				1A84BA382C3D92CE00C1AD45 /* CourtFinderTests.swift */,
			);
			path = CourtFinderTests;
			sourceTree = "<group>";
		};
		1A84BA412C3D92CE00C1AD45 /* CourtFinderUITests */ = {
			isa = PBXGroup;
			children = (
				1A84BA422C3D92CE00C1AD45 /* CourtFinderUITests.swift */,
				1A84BA442C3D92CE00C1AD45 /* CourtFinderUITestsLaunchTests.swift */,
			);
			path = CourtFinderUITests;
			sourceTree = "<group>";
		};
/* End PBXGroup section */

/* Begin PBXNativeTarget section */
		1A84BA232C3D92CC00C1AD45 /* CourtFinder */ = {
			isa = PBXNativeTarget;
			buildConfigurationList = 1A84BA482C3D92CE00C1AD45 /* Build configuration list for PBXNativeTarget "CourtFinder" */;
			buildPhases = (
				1A84BA202C3D92CC00C1AD45 /* Sources */,
				1A84BA212C3D92CC00C1AD45 /* Frameworks */,
				1A84BA222C3D92CC00C1AD45 /* Resources */,
			);
			buildRules = (
			);
			dependencies = (
			);
			name = CourtFinder;
			packageProductDependencies = (
				1A5373222C3D9D710044FC06 /* FirebaseAnalytics */,
				1A5373242C3D9D710044FC06 /* FirebaseAuth */,
				1A5373262C3D9D710044FC06 /* FirebaseFirestore */,
				1A53732D2C3DA27B0044FC06 /* GoogleSignIn */,
				1A53732F2C3DA27B0044FC06 /* GoogleSignInSwift */,
				1A8330182C4903830035CD5B /* FirebaseStorage */,
				1A8330282C5728F60035CD5B /* GoogleMaps */,
			);
			productName = CourtFinder;
			productReference = 1A84BA242C3D92CC00C1AD45 /* CourtFinder.app */;
			productType = "com.apple.product-type.application";
		};
		1A84BA332C3D92CE00C1AD45 /* CourtFinderTests */ = {
			isa = PBXNativeTarget;
			buildConfigurationList = 1A84BA4B2C3D92CE00C1AD45 /* Build configuration list for PBXNativeTarget "CourtFinderTests" */;
			buildPhases = (
				1A84BA302C3D92CE00C1AD45 /* Sources */,
				1A84BA312C3D92CE00C1AD45 /* Frameworks */,
				1A84BA322C3D92CE00C1AD45 /* Resources */,
			);
			buildRules = (
			);
			dependencies = (
				1A84BA362C3D92CE00C1AD45 /* PBXTargetDependency */,
			);
			name = CourtFinderTests;
			productName = CourtFinderTests;
			productReference = 1A84BA342C3D92CE00C1AD45 /* CourtFinderTests.xctest */;
			productType = "com.apple.product-type.bundle.unit-test";
		};
		1A84BA3D2C3D92CE00C1AD45 /* CourtFinderUITests */ = {
			isa = PBXNativeTarget;
			buildConfigurationList = 1A84BA4E2C3D92CE00C1AD45 /* Build configuration list for PBXNativeTarget "CourtFinderUITests" */;
			buildPhases = (
				1A84BA3A2C3D92CE00C1AD45 /* Sources */,
				1A84BA3B2C3D92CE00C1AD45 /* Frameworks */,
				1A84BA3C2C3D92CE00C1AD45 /* Resources */,
			);
			buildRules = (
			);
			dependencies = (
				1A84BA402C3D92CE00C1AD45 /* PBXTargetDependency */,
			);
			name = CourtFinderUITests;
			productName = CourtFinderUITests;
			productReference = 1A84BA3E2C3D92CE00C1AD45 /* CourtFinderUITests.xctest */;
			productType = "com.apple.product-type.bundle.ui-testing";
		};
/* End PBXNativeTarget section */

/* Begin PBXProject section */
		1A84BA1C2C3D92CC00C1AD45 /* Project object */ = {
			isa = PBXProject;
			attributes = {
				BuildIndependentTargetsInParallel = 1;
				LastSwiftUpdateCheck = 1540;
				LastUpgradeCheck = 1630;
				TargetAttributes = {
					1A84BA232C3D92CC00C1AD45 = {
						CreatedOnToolsVersion = 15.4;
					};
					1A84BA332C3D92CE00C1AD45 = {
						CreatedOnToolsVersion = 15.4;
						TestTargetID = 1A84BA232C3D92CC00C1AD45;
					};
					1A84BA3D2C3D92CE00C1AD45 = {
						CreatedOnToolsVersion = 15.4;
						TestTargetID = 1A84BA232C3D92CC00C1AD45;
					};
				};
			};
			buildConfigurationList = 1A84BA1F2C3D92CC00C1AD45 /* Build configuration list for PBXProject "CourtFinder" */;
			compatibilityVersion = "Xcode 14.0";
			developmentRegion = en;
			hasScannedForEncodings = 0;
			knownRegions = (
				en,
				Base,
			);
			mainGroup = 1A84BA1B2C3D92CC00C1AD45;
			packageReferences = (
				1A5373212C3D9D710044FC06 /* XCRemoteSwiftPackageReference "firebase-ios-sdk" */,
				1A53732C2C3DA27B0044FC06 /* XCRemoteSwiftPackageReference "GoogleSignIn-iOS" */,
				1A8330272C5728F60035CD5B /* XCRemoteSwiftPackageReference "ios-maps-sdk" */,
			);
			productRefGroup = 1A84BA252C3D92CC00C1AD45 /* Products */;
			projectDirPath = "";
			projectRoot = "";
			targets = (
				1A84BA232C3D92CC00C1AD45 /* CourtFinder */,
				1A84BA332C3D92CE00C1AD45 /* CourtFinderTests */,
				1A84BA3D2C3D92CE00C1AD45 /* CourtFinderUITests */,
			);
		};
/* End PBXProject section */

/* Begin PBXResourcesBuildPhase section */
		1A84BA222C3D92CC00C1AD45 /* Resources */ = {
			isa = PBXResourcesBuildPhase;
			buildActionMask = 2147483647;
			files = (
				1A84BA2F2C3D92CE00C1AD45 /* Preview Assets.xcassets in Resources */,
				1A84BA2C2C3D92CE00C1AD45 /* Assets.xcassets in Resources */,
				1A5373322C3DA2F00044FC06 /* GoogleService-Info.plist in Resources */,
			);
			runOnlyForDeploymentPostprocessing = 0;
		};
		1A84BA322C3D92CE00C1AD45 /* Resources */ = {
			isa = PBXResourcesBuildPhase;
			buildActionMask = 2147483647;
			files = (
				1A5373332C3DA2F00044FC06 /* GoogleService-Info.plist in Resources */,
			);
			runOnlyForDeploymentPostprocessing = 0;
		};
		1A84BA3C2C3D92CE00C1AD45 /* Resources */ = {
			isa = PBXResourcesBuildPhase;
			buildActionMask = 2147483647;
			files = (
				1A5373342C3DA2F00044FC06 /* GoogleService-Info.plist in Resources */,
			);
			runOnlyForDeploymentPostprocessing = 0;
		};
/* End PBXResourcesBuildPhase section */

/* Begin PBXSourcesBuildPhase section */
		1A84BA202C3D92CC00C1AD45 /* Sources */ = {
			isa = PBXSourcesBuildPhase;
			buildActionMask = 2147483647;
			files = (
				1A8330112C48FACA0035CD5B /* FavoriteCourtsView.swift in Sources */,
				1A83301D2C4918070035CD5B /* ImageCache.swift in Sources */,
				1A8330262C4BB2C20035CD5B /* EditUsernameView.swift in Sources */,
				1A83300F2C48FA870035CD5B /* GroupsView.swift in Sources */,
				1A83301B2C490EEE0035CD5B /* SessionStore.swift in Sources */,
				1A5373292C3D9FBD0044FC06 /* LoginView.swift in Sources */,
				1A84BA282C3D92CC00C1AD45 /* CourtFinderApp.swift in Sources */,
				1AE63C4E2C77B16700082E5C /* ToggleButton.swift in Sources */,
				1A0411BC2DA48D11007F951F /* Court.swift in Sources */,
				1AE63C502C77B2D300082E5C /* ListView.swift in Sources */,
				1A83302C2C572B600035CD5B /* GoogleMapView.swift in Sources */,
				1A8330132C4902020035CD5B /* ProfileViewModel.swift in Sources */,
				1A8330212C491E480035CD5B /* ProfileHelpers.swift in Sources */,
				1A8330022C48D4270035CD5B /* Utilities.swift in Sources */,
				1A8330322C5730250035CD5B /* PlacesService.swift in Sources */,
				1A83300D2C48FA750035CD5B /* LocateCourtsView.swift in Sources */,
				1A8330172C4902A40035CD5B /* ImagePicker.swift in Sources */,
				1A0411C02DA4A00D007F951F /* CourtsManager.swift in Sources */,
				1A8330082C48F9900035CD5B /* HomePageView.swift in Sources */,
				1A83300B2C48FA4D0035CD5B /* ProfileView.swift in Sources */,
				1A8330002C48D3ED0035CD5B /* LoginViewModel.swift in Sources */,
				1A83301F2C491AA80035CD5B /* ProfileSettingsView.swift in Sources */,
				1A8330302C572E4F0035CD5B /* LocationManager.swift in Sources */,
				1A8330242C4BAF5B0035CD5B /* EditNameView.swift in Sources */,
			);
			runOnlyForDeploymentPostprocessing = 0;
		};
		1A84BA302C3D92CE00C1AD45 /* Sources */ = {
			isa = PBXSourcesBuildPhase;
			buildActionMask = 2147483647;
			files = (
				1A84BA392C3D92CE00C1AD45 /* CourtFinderTests.swift in Sources */,
				1A53732A2C3D9FBD0044FC06 /* LoginView.swift in Sources */,
				1A0411BE2DA48D11007F951F /* Court.swift in Sources */,
			);
			runOnlyForDeploymentPostprocessing = 0;
		};
		1A84BA3A2C3D92CE00C1AD45 /* Sources */ = {
			isa = PBXSourcesBuildPhase;
			buildActionMask = 2147483647;
			files = (
				1A84BA452C3D92CE00C1AD45 /* CourtFinderUITestsLaunchTests.swift in Sources */,
				1A53732B2C3D9FBD0044FC06 /* LoginView.swift in Sources */,
				1A84BA432C3D92CE00C1AD45 /* CourtFinderUITests.swift in Sources */,
				1A0411BD2DA48D11007F951F /* Court.swift in Sources */,
			);
			runOnlyForDeploymentPostprocessing = 0;
		};
/* End PBXSourcesBuildPhase section */

/* Begin PBXTargetDependency section */
		1A84BA362C3D92CE00C1AD45 /* PBXTargetDependency */ = {
			isa = PBXTargetDependency;
			target = 1A84BA232C3D92CC00C1AD45 /* CourtFinder */;
			targetProxy = 1A84BA352C3D92CE00C1AD45 /* PBXContainerItemProxy */;
		};
		1A84BA402C3D92CE00C1AD45 /* PBXTargetDependency */ = {
			isa = PBXTargetDependency;
			target = 1A84BA232C3D92CC00C1AD45 /* CourtFinder */;
			targetProxy = 1A84BA3F2C3D92CE00C1AD45 /* PBXContainerItemProxy */;
		};
/* End PBXTargetDependency section */

/* Begin XCBuildConfiguration section */
		1A84BA462C3D92CE00C1AD45 /* Debug */ = {
			isa = XCBuildConfiguration;
			buildSettings = {
				ALWAYS_SEARCH_USER_PATHS = NO;
				ASSETCATALOG_COMPILER_GENERATE_SWIFT_ASSET_SYMBOL_EXTENSIONS = YES;
				CLANG_ANALYZER_NONNULL = YES;
				CLANG_ANALYZER_NUMBER_OBJECT_CONVERSION = YES_AGGRESSIVE;
				CLANG_CXX_LANGUAGE_STANDARD = "gnu++20";
				CLANG_ENABLE_MODULES = YES;
				CLANG_ENABLE_OBJC_ARC = YES;
				CLANG_ENABLE_OBJC_WEAK = YES;
				CLANG_WARN_BLOCK_CAPTURE_AUTORELEASING = YES;
				CLANG_WARN_BOOL_CONVERSION = YES;
				CLANG_WARN_COMMA = YES;
				CLANG_WARN_CONSTANT_CONVERSION = YES;
				CLANG_WARN_DEPRECATED_OBJC_IMPLEMENTATIONS = YES;
				CLANG_WARN_DIRECT_OBJC_ISA_USAGE = YES_ERROR;
				CLANG_WARN_DOCUMENTATION_COMMENTS = YES;
				CLANG_WARN_EMPTY_BODY = YES;
				CLANG_WARN_ENUM_CONVERSION = YES;
				CLANG_WARN_INFINITE_RECURSION = YES;
				CLANG_WARN_INT_CONVERSION = YES;
				CLANG_WARN_NON_LITERAL_NULL_CONVERSION = YES;
				CLANG_WARN_OBJC_IMPLICIT_RETAIN_SELF = YES;
				CLANG_WARN_OBJC_LITERAL_CONVERSION = YES;
				CLANG_WARN_OBJC_ROOT_CLASS = YES_ERROR;
				CLANG_WARN_QUOTED_INCLUDE_IN_FRAMEWORK_HEADER = YES;
				CLANG_WARN_RANGE_LOOP_ANALYSIS = YES;
				CLANG_WARN_STRICT_PROTOTYPES = YES;
				CLANG_WARN_SUSPICIOUS_MOVE = YES;
				CLANG_WARN_UNGUARDED_AVAILABILITY = YES_AGGRESSIVE;
				CLANG_WARN_UNREACHABLE_CODE = YES;
				CLANG_WARN__DUPLICATE_METHOD_MATCH = YES;
				COPY_PHASE_STRIP = NO;
				DEBUG_INFORMATION_FORMAT = dwarf;
				DEVELOPMENT_TEAM = YWZP6R6H47;
				ENABLE_STRICT_OBJC_MSGSEND = YES;
				ENABLE_TESTABILITY = YES;
				ENABLE_USER_SCRIPT_SANDBOXING = YES;
				GCC_C_LANGUAGE_STANDARD = gnu17;
				GCC_DYNAMIC_NO_PIC = NO;
				GCC_NO_COMMON_BLOCKS = YES;
				GCC_OPTIMIZATION_LEVEL = 0;
				GCC_PREPROCESSOR_DEFINITIONS = (
					"DEBUG=1",
					"$(inherited)",
				);
				GCC_WARN_64_TO_32_BIT_CONVERSION = YES;
				GCC_WARN_ABOUT_RETURN_TYPE = YES_ERROR;
				GCC_WARN_UNDECLARED_SELECTOR = YES;
				GCC_WARN_UNINITIALIZED_AUTOS = YES_AGGRESSIVE;
				GCC_WARN_UNUSED_FUNCTION = YES;
				GCC_WARN_UNUSED_VARIABLE = YES;
				IPHONEOS_DEPLOYMENT_TARGET = 17.5;
				LOCALIZATION_PREFERS_STRING_CATALOGS = YES;
				MTL_ENABLE_DEBUG_INFO = INCLUDE_SOURCE;
				MTL_FAST_MATH = YES;
				ONLY_ACTIVE_ARCH = YES;
				SDKROOT = iphoneos;
				SWIFT_ACTIVE_COMPILATION_CONDITIONS = "DEBUG $(inherited)";
				SWIFT_OPTIMIZATION_LEVEL = "-Onone";
			};
			name = Debug;
		};
		1A84BA472C3D92CE00C1AD45 /* Release */ = {
			isa = XCBuildConfiguration;
			buildSettings = {
				ALWAYS_SEARCH_USER_PATHS = NO;
				ASSETCATALOG_COMPILER_GENERATE_SWIFT_ASSET_SYMBOL_EXTENSIONS = YES;
				CLANG_ANALYZER_NONNULL = YES;
				CLANG_ANALYZER_NUMBER_OBJECT_CONVERSION = YES_AGGRESSIVE;
				CLANG_CXX_LANGUAGE_STANDARD = "gnu++20";
				CLANG_ENABLE_MODULES = YES;
				CLANG_ENABLE_OBJC_ARC = YES;
				CLANG_ENABLE_OBJC_WEAK = YES;
				CLANG_WARN_BLOCK_CAPTURE_AUTORELEASING = YES;
				CLANG_WARN_BOOL_CONVERSION = YES;
				CLANG_WARN_COMMA = YES;
				CLANG_WARN_CONSTANT_CONVERSION = YES;
				CLANG_WARN_DEPRECATED_OBJC_IMPLEMENTATIONS = YES;
				CLANG_WARN_DIRECT_OBJC_ISA_USAGE = YES_ERROR;
				CLANG_WARN_DOCUMENTATION_COMMENTS = YES;
				CLANG_WARN_EMPTY_BODY = YES;
				CLANG_WARN_ENUM_CONVERSION = YES;
				CLANG_WARN_INFINITE_RECURSION = YES;
				CLANG_WARN_INT_CONVERSION = YES;
				CLANG_WARN_NON_LITERAL_NULL_CONVERSION = YES;
				CLANG_WARN_OBJC_IMPLICIT_RETAIN_SELF = YES;
				CLANG_WARN_OBJC_LITERAL_CONVERSION = YES;
				CLANG_WARN_OBJC_ROOT_CLASS = YES_ERROR;
				CLANG_WARN_QUOTED_INCLUDE_IN_FRAMEWORK_HEADER = YES;
				CLANG_WARN_RANGE_LOOP_ANALYSIS = YES;
				CLANG_WARN_STRICT_PROTOTYPES = YES;
				CLANG_WARN_SUSPICIOUS_MOVE = YES;
				CLANG_WARN_UNGUARDED_AVAILABILITY = YES_AGGRESSIVE;
				CLANG_WARN_UNREACHABLE_CODE = YES;
				CLANG_WARN__DUPLICATE_METHOD_MATCH = YES;
				COPY_PHASE_STRIP = NO;
				DEBUG_INFORMATION_FORMAT = "dwarf-with-dsym";
				DEVELOPMENT_TEAM = YWZP6R6H47;
				ENABLE_NS_ASSERTIONS = NO;
				ENABLE_STRICT_OBJC_MSGSEND = YES;
				ENABLE_USER_SCRIPT_SANDBOXING = YES;
				GCC_C_LANGUAGE_STANDARD = gnu17;
				GCC_NO_COMMON_BLOCKS = YES;
				GCC_WARN_64_TO_32_BIT_CONVERSION = YES;
				GCC_WARN_ABOUT_RETURN_TYPE = YES_ERROR;
				GCC_WARN_UNDECLARED_SELECTOR = YES;
				GCC_WARN_UNINITIALIZED_AUTOS = YES_AGGRESSIVE;
				GCC_WARN_UNUSED_FUNCTION = YES;
				GCC_WARN_UNUSED_VARIABLE = YES;
				IPHONEOS_DEPLOYMENT_TARGET = 17.5;
				LOCALIZATION_PREFERS_STRING_CATALOGS = YES;
				MTL_ENABLE_DEBUG_INFO = NO;
				MTL_FAST_MATH = YES;
				SDKROOT = iphoneos;
				SWIFT_COMPILATION_MODE = wholemodule;
				VALIDATE_PRODUCT = YES;
			};
			name = Release;
		};
		1A84BA492C3D92CE00C1AD45 /* Debug */ = {
			isa = XCBuildConfiguration;
			buildSettings = {
				ASSETCATALOG_COMPILER_APPICON_NAME = AppIcon;
				ASSETCATALOG_COMPILER_GLOBAL_ACCENT_COLOR_NAME = AccentColor;
				CODE_SIGN_ENTITLEMENTS = CourtFinder/CourtFinder.entitlements;
				CODE_SIGN_STYLE = Automatic;
				CURRENT_PROJECT_VERSION = 1;
				DEVELOPMENT_ASSET_PATHS = "\"CourtFinder/Preview Content\"";
				ENABLE_PREVIEWS = YES;
				GENERATE_INFOPLIST_FILE = YES;
				INFOPLIST_FILE = CourtFinder/Info.plist;
				INFOPLIST_KEY_NSLocationAlwaysUsageDescription = "We need your location to show nearby courts even when the app is in the background";
				INFOPLIST_KEY_NSLocationWhenInUseUsageDescription = "We need your location to show nearby courts.";
				INFOPLIST_KEY_UIApplicationSceneManifest_Generation = YES;
				INFOPLIST_KEY_UIApplicationSupportsIndirectInputEvents = YES;
				INFOPLIST_KEY_UILaunchScreen_Generation = YES;
				INFOPLIST_KEY_UISupportedInterfaceOrientations_iPad = "UIInterfaceOrientationPortrait UIInterfaceOrientationPortraitUpsideDown UIInterfaceOrientationLandscapeLeft UIInterfaceOrientationLandscapeRight";
				INFOPLIST_KEY_UISupportedInterfaceOrientations_iPhone = "UIInterfaceOrientationPortrait UIInterfaceOrientationLandscapeLeft UIInterfaceOrientationLandscapeRight";
				IPHONEOS_DEPLOYMENT_TARGET = 17.6;
				LD_RUNPATH_SEARCH_PATHS = (
					"$(inherited)",
					"@executable_path/Frameworks",
				);
				MARKETING_VERSION = 1.0;
				PRODUCT_BUNDLE_IDENTIFIER = com.rdkhare.CourtFinder;
				PRODUCT_NAME = "$(TARGET_NAME)";
				SWIFT_EMIT_LOC_STRINGS = YES;
				SWIFT_VERSION = 5.0;
				TARGETED_DEVICE_FAMILY = "1,2";
			};
			name = Debug;
		};
		1A84BA4A2C3D92CE00C1AD45 /* Release */ = {
			isa = XCBuildConfiguration;
			buildSettings = {
				ASSETCATALOG_COMPILER_APPICON_NAME = AppIcon;
				ASSETCATALOG_COMPILER_GLOBAL_ACCENT_COLOR_NAME = AccentColor;
				CODE_SIGN_ENTITLEMENTS = CourtFinder/CourtFinder.entitlements;
				CODE_SIGN_STYLE = Automatic;
				CURRENT_PROJECT_VERSION = 1;
				DEVELOPMENT_ASSET_PATHS = "\"CourtFinder/Preview Content\"";
				ENABLE_PREVIEWS = YES;
				GENERATE_INFOPLIST_FILE = YES;
				INFOPLIST_FILE = CourtFinder/Info.plist;
				INFOPLIST_KEY_NSLocationAlwaysUsageDescription = "We need your location to show nearby courts even when the app is in the background";
				INFOPLIST_KEY_NSLocationWhenInUseUsageDescription = "We need your location to show nearby courts.";
				INFOPLIST_KEY_UIApplicationSceneManifest_Generation = YES;
				INFOPLIST_KEY_UIApplicationSupportsIndirectInputEvents = YES;
				INFOPLIST_KEY_UILaunchScreen_Generation = YES;
				INFOPLIST_KEY_UISupportedInterfaceOrientations_iPad = "UIInterfaceOrientationPortrait UIInterfaceOrientationPortraitUpsideDown UIInterfaceOrientationLandscapeLeft UIInterfaceOrientationLandscapeRight";
				INFOPLIST_KEY_UISupportedInterfaceOrientations_iPhone = "UIInterfaceOrientationPortrait UIInterfaceOrientationLandscapeLeft UIInterfaceOrientationLandscapeRight";
				IPHONEOS_DEPLOYMENT_TARGET = 17.6;
				LD_RUNPATH_SEARCH_PATHS = (
					"$(inherited)",
					"@executable_path/Frameworks",
				);
				MARKETING_VERSION = 1.0;
				PRODUCT_BUNDLE_IDENTIFIER = com.rdkhare.CourtFinder;
				PRODUCT_NAME = "$(TARGET_NAME)";
				SWIFT_EMIT_LOC_STRINGS = YES;
				SWIFT_VERSION = 5.0;
				TARGETED_DEVICE_FAMILY = "1,2";
			};
			name = Release;
		};
		1A84BA4C2C3D92CE00C1AD45 /* Debug */ = {
			isa = XCBuildConfiguration;
			buildSettings = {
				BUNDLE_LOADER = "$(TEST_HOST)";
				CODE_SIGN_STYLE = Automatic;
				CURRENT_PROJECT_VERSION = 1;
				GENERATE_INFOPLIST_FILE = YES;
				IPHONEOS_DEPLOYMENT_TARGET = 17.5;
				MARKETING_VERSION = 1.0;
				PRODUCT_BUNDLE_IDENTIFIER = com.rdkhare.CourtFinderTests;
				PRODUCT_NAME = "$(TARGET_NAME)";
				SWIFT_EMIT_LOC_STRINGS = NO;
				SWIFT_VERSION = 5.0;
				TARGETED_DEVICE_FAMILY = "1,2";
				TEST_HOST = "$(BUILT_PRODUCTS_DIR)/CourtFinder.app/$(BUNDLE_EXECUTABLE_FOLDER_PATH)/CourtFinder";
			};
			name = Debug;
		};
		1A84BA4D2C3D92CE00C1AD45 /* Release */ = {
			isa = XCBuildConfiguration;
			buildSettings = {
				BUNDLE_LOADER = "$(TEST_HOST)";
				CODE_SIGN_STYLE = Automatic;
				CURRENT_PROJECT_VERSION = 1;
				GENERATE_INFOPLIST_FILE = YES;
				IPHONEOS_DEPLOYMENT_TARGET = 17.5;
				MARKETING_VERSION = 1.0;
				PRODUCT_BUNDLE_IDENTIFIER = com.rdkhare.CourtFinderTests;
				PRODUCT_NAME = "$(TARGET_NAME)";
				SWIFT_EMIT_LOC_STRINGS = NO;
				SWIFT_VERSION = 5.0;
				TARGETED_DEVICE_FAMILY = "1,2";
				TEST_HOST = "$(BUILT_PRODUCTS_DIR)/CourtFinder.app/$(BUNDLE_EXECUTABLE_FOLDER_PATH)/CourtFinder";
			};
			name = Release;
		};
		1A84BA4F2C3D92CE00C1AD45 /* Debug */ = {
			isa = XCBuildConfiguration;
			buildSettings = {
				CODE_SIGN_STYLE = Automatic;
				CURRENT_PROJECT_VERSION = 1;
				GENERATE_INFOPLIST_FILE = YES;
				MARKETING_VERSION = 1.0;
				PRODUCT_BUNDLE_IDENTIFIER = com.rdkhare.CourtFinderUITests;
				PRODUCT_NAME = "$(TARGET_NAME)";
				SWIFT_EMIT_LOC_STRINGS = NO;
				SWIFT_VERSION = 5.0;
				TARGETED_DEVICE_FAMILY = "1,2";
				TEST_TARGET_NAME = CourtFinder;
			};
			name = Debug;
		};
		1A84BA502C3D92CE00C1AD45 /* Release */ = {
			isa = XCBuildConfiguration;
			buildSettings = {
				CODE_SIGN_STYLE = Automatic;
				CURRENT_PROJECT_VERSION = 1;
				GENERATE_INFOPLIST_FILE = YES;
				MARKETING_VERSION = 1.0;
				PRODUCT_BUNDLE_IDENTIFIER = com.rdkhare.CourtFinderUITests;
				PRODUCT_NAME = "$(TARGET_NAME)";
				SWIFT_EMIT_LOC_STRINGS = NO;
				SWIFT_VERSION = 5.0;
				TARGETED_DEVICE_FAMILY = "1,2";
				TEST_TARGET_NAME = CourtFinder;
			};
			name = Release;
		};
/* End XCBuildConfiguration section */

/* Begin XCConfigurationList section */
		1A84BA1F2C3D92CC00C1AD45 /* Build configuration list for PBXProject "CourtFinder" */ = {
			isa = XCConfigurationList;
			buildConfigurations = (
				1A84BA462C3D92CE00C1AD45 /* Debug */,
				1A84BA472C3D92CE00C1AD45 /* Release */,
			);
			defaultConfigurationIsVisible = 0;
			defaultConfigurationName = Release;
		};
		1A84BA482C3D92CE00C1AD45 /* Build configuration list for PBXNativeTarget "CourtFinder" */ = {
			isa = XCConfigurationList;
			buildConfigurations = (
				1A84BA492C3D92CE00C1AD45 /* Debug */,
				1A84BA4A2C3D92CE00C1AD45 /* Release */,
			);
			defaultConfigurationIsVisible = 0;
			defaultConfigurationName = Release;
		};
		1A84BA4B2C3D92CE00C1AD45 /* Build configuration list for PBXNativeTarget "CourtFinderTests" */ = {
			isa = XCConfigurationList;
			buildConfigurations = (
				1A84BA4C2C3D92CE00C1AD45 /* Debug */,
				1A84BA4D2C3D92CE00C1AD45 /* Release */,
			);
			defaultConfigurationIsVisible = 0;
			defaultConfigurationName = Release;
		};
		1A84BA4E2C3D92CE00C1AD45 /* Build configuration list for PBXNativeTarget "CourtFinderUITests" */ = {
			isa = XCConfigurationList;
			buildConfigurations = (
				1A84BA4F2C3D92CE00C1AD45 /* Debug */,
				1A84BA502C3D92CE00C1AD45 /* Release */,
			);
			defaultConfigurationIsVisible = 0;
			defaultConfigurationName = Release;
		};
/* End XCConfigurationList section */

/* Begin XCRemoteSwiftPackageReference section */
		1A5373212C3D9D710044FC06 /* XCRemoteSwiftPackageReference "firebase-ios-sdk" */ = {
			isa = XCRemoteSwiftPackageReference;
			repositoryURL = "https://github.com/firebase/firebase-ios-sdk";
			requirement = {
				kind = upToNextMajorVersion;
				minimumVersion = 10.29.0;
			};
		};
		1A53732C2C3DA27B0044FC06 /* XCRemoteSwiftPackageReference "GoogleSignIn-iOS" */ = {
			isa = XCRemoteSwiftPackageReference;
			repositoryURL = "https://github.com/google/GoogleSignIn-iOS";
			requirement = {
				kind = upToNextMajorVersion;
				minimumVersion = 7.1.0;
			};
		};
		1A8330272C5728F60035CD5B /* XCRemoteSwiftPackageReference "ios-maps-sdk" */ = {
			isa = XCRemoteSwiftPackageReference;
			repositoryURL = "https://github.com/googlemaps/ios-maps-sdk";
			requirement = {
				kind = upToNextMajorVersion;
				minimumVersion = 9.0.0;
			};
		};
/* End XCRemoteSwiftPackageReference section */

/* Begin XCSwiftPackageProductDependency section */
		1A5373222C3D9D710044FC06 /* FirebaseAnalytics */ = {
			isa = XCSwiftPackageProductDependency;
			package = 1A5373212C3D9D710044FC06 /* XCRemoteSwiftPackageReference "firebase-ios-sdk" */;
			productName = FirebaseAnalytics;
		};
		1A5373242C3D9D710044FC06 /* FirebaseAuth */ = {
			isa = XCSwiftPackageProductDependency;
			package = 1A5373212C3D9D710044FC06 /* XCRemoteSwiftPackageReference "firebase-ios-sdk" */;
			productName = FirebaseAuth;
		};
		1A5373262C3D9D710044FC06 /* FirebaseFirestore */ = {
			isa = XCSwiftPackageProductDependency;
			package = 1A5373212C3D9D710044FC06 /* XCRemoteSwiftPackageReference "firebase-ios-sdk" */;
			productName = FirebaseFirestore;
		};
		1A53732D2C3DA27B0044FC06 /* GoogleSignIn */ = {
			isa = XCSwiftPackageProductDependency;
			package = 1A53732C2C3DA27B0044FC06 /* XCRemoteSwiftPackageReference "GoogleSignIn-iOS" */;
			productName = GoogleSignIn;
		};
		1A53732F2C3DA27B0044FC06 /* GoogleSignInSwift */ = {
			isa = XCSwiftPackageProductDependency;
			package = 1A53732C2C3DA27B0044FC06 /* XCRemoteSwiftPackageReference "GoogleSignIn-iOS" */;
			productName = GoogleSignInSwift;
		};
		1A8330182C4903830035CD5B /* FirebaseStorage */ = {
			isa = XCSwiftPackageProductDependency;
			package = 1A5373212C3D9D710044FC06 /* XCRemoteSwiftPackageReference "firebase-ios-sdk" */;
			productName = FirebaseStorage;
		};
		1A8330282C5728F60035CD5B /* GoogleMaps */ = {
			isa = XCSwiftPackageProductDependency;
			package = 1A8330272C5728F60035CD5B /* XCRemoteSwiftPackageReference "ios-maps-sdk" */;
			productName = GoogleMaps;
		};
/* End XCSwiftPackageProductDependency section */
	};
	rootObject = 1A84BA1C2C3D92CC00C1AD45 /* Project object */;
}
